
Microsoft Visual Studio Solution File, Format Version 12.00
# Visual Studio Version 17
VisualStudioVersion = 17.0.31903.59
MinimumVisualStudioVersion = 10.0.40219.1
Project("{F2A71F9B-5D33-465A-A702-920D77279786}") = "core", "core\core.fsproj", "{95C22B7B-1457-4223-88EA-0182F1C3A2F5}"
EndProject
Project("{F2A71F9B-5D33-465A-A702-920D77279786}") = "netcore", "netcore\netcore.fsproj", "{72606D02-0C23-46B3-8311-90652620FF87}"
EndProject
Project("{F2A71F9B-5D33-465A-A702-920D77279786}") = "nativeaot", "nativeaot\nativeaot.fsproj", "{D4F322A4-9A82-499D-9EC4-01E66B24A1F3}"
EndProject
Global
	GlobalSection(SolutionConfigurationPlatforms) = preSolution
		Debug|Any CPU = Debug|Any CPU
		Release|Any CPU = Release|Any CPU
	EndGlobalSection
	GlobalSection(SolutionProperties) = preSolution
		HideSolutionNode = FALSE
	EndGlobalSection
	GlobalSection(ProjectConfigurationPlatforms) = postSolution
		{95C22B7B-1457-4223-88EA-0182F1C3A2F5}.Debug|Any CPU.ActiveCfg = Debug|Any CPU
		{95C22B7B-1457-4223-88EA-0182F1C3A2F5}.Debug|Any CPU.Build.0 = Debug|Any CPU
		{95C22B7B-1457-4223-88EA-0182F1C3A2F5}.Release|Any CPU.ActiveCfg = Release|Any CPU
		{95C22B7B-1457-4223-88EA-0182F1C3A2F5}.Release|Any CPU.Build.0 = Release|Any CPU
		{72606D02-0C23-46B3-8311-90652620FF87}.Debug|Any CPU.ActiveCfg = Debug|Any CPU
		{72606D02-0C23-46B3-8311-90652620FF87}.Debug|Any CPU.Build.0 = Debug|Any CPU
		{72606D02-0C23-46B3-8311-90652620FF87}.Release|Any CPU.ActiveCfg = Release|Any CPU
		{72606D02-0C23-46B3-8311-90652620FF87}.Release|Any CPU.Build.0 = Release|Any CPU
		{D4F322A4-9A82-499D-9EC4-01E66B24A1F3}.Debug|Any CPU.ActiveCfg = Debug|Any CPU
		{D4F322A4-9A82-499D-9EC4-01E66B24A1F3}.Debug|Any CPU.Build.0 = Debug|Any CPU
		{D4F322A4-9A82-499D-9EC4-01E66B24A1F3}.Release|Any CPU.ActiveCfg = Release|Any CPU
		{D4F322A4-9A82-499D-9EC4-01E66B24A1F3}.Release|Any CPU.Build.0 = Release|Any CPU
	EndGlobalSection
EndGlobal
