
Microsoft Visual Studio Solution File, Format Version 12.00
# Visual Studio Version 17
VisualStudioVersion = 17.0.31903.59
MinimumVisualStudioVersion = 10.0.40219.1
Project("{F2A71F9B-5D33-465A-A702-920D77279786}") = "core", "core\core.fsproj", "{95C22B7B-1457-4223-88EA-0182F1C3A2F5}"
EndProject
Project("{F2A71F9B-5D33-465A-A702-920D77279786}") = "netcore", "netcore\netcore.fsproj", "{72606D02-0C23-46B3-8311-90652620FF87}"
EndProject
Project("{F2A71F9B-5D33-465A-A702-920D77279786}") = "DartApp", "fable-4-dart\DartApp.fsproj", "{ACD1903B-FB6A-47F0-BECC-4D86A11CEFFB}"
EndProject
Project("{F2A71F9B-5D33-465A-A702-920D77279786}") = "JsApp", "fable-4-js\JsApp.fsproj", "{7CA2DD85-960C-4EA1-9571-E645C8AD8DD0}"
EndProject
Project("{F2A71F9B-5D33-465A-A702-920D77279786}") = "PhpApp", "fable-4-php\PhpApp.fsproj", "{9D6F0C34-9F45-449B-B53A-FF8F69395B6B}"
EndProject
Project("{F2A71F9B-5D33-465A-A702-920D77279786}") = "PyApp", "fable-4-py\PyApp.fsproj", "{9437D055-25AF-4A75-9A57-CAA53676B646}"
EndProject
Project("{F2A71F9B-5D33-465A-A702-920D77279786}") = "RsApp", "fable-4-rs\RsApp.fsproj", "{0AB27D9E-89B1-425A-BA18-EB08DA6A3017}"
EndProject
Global
	GlobalSection(SolutionConfigurationPlatforms) = preSolution
		Debug|Any CPU = Debug|Any CPU
		Release|Any CPU = Release|Any CPU
	EndGlobalSection
	GlobalSection(SolutionProperties) = preSolution
		HideSolutionNode = FALSE
	EndGlobalSection
	GlobalSection(ProjectConfigurationPlatforms) = postSolution
		{95C22B7B-1457-4223-88EA-0182F1C3A2F5}.Debug|Any CPU.ActiveCfg = Debug|Any CPU
		{95C22B7B-1457-4223-88EA-0182F1C3A2F5}.Debug|Any CPU.Build.0 = Debug|Any CPU
		{95C22B7B-1457-4223-88EA-0182F1C3A2F5}.Release|Any CPU.ActiveCfg = Release|Any CPU
		{95C22B7B-1457-4223-88EA-0182F1C3A2F5}.Release|Any CPU.Build.0 = Release|Any CPU
		{72606D02-0C23-46B3-8311-90652620FF87}.Debug|Any CPU.ActiveCfg = Debug|Any CPU
		{72606D02-0C23-46B3-8311-90652620FF87}.Debug|Any CPU.Build.0 = Debug|Any CPU
		{72606D02-0C23-46B3-8311-90652620FF87}.Release|Any CPU.ActiveCfg = Release|Any CPU
		{72606D02-0C23-46B3-8311-90652620FF87}.Release|Any CPU.Build.0 = Release|Any CPU
		{ACD1903B-FB6A-47F0-BECC-4D86A11CEFFB}.Debug|Any CPU.ActiveCfg = Debug|Any CPU
		{ACD1903B-FB6A-47F0-BECC-4D86A11CEFFB}.Debug|Any CPU.Build.0 = Debug|Any CPU
		{ACD1903B-FB6A-47F0-BECC-4D86A11CEFFB}.Release|Any CPU.ActiveCfg = Release|Any CPU
		{ACD1903B-FB6A-47F0-BECC-4D86A11CEFFB}.Release|Any CPU.Build.0 = Release|Any CPU
		{7CA2DD85-960C-4EA1-9571-E645C8AD8DD0}.Debug|Any CPU.ActiveCfg = Debug|Any CPU
		{7CA2DD85-960C-4EA1-9571-E645C8AD8DD0}.Debug|Any CPU.Build.0 = Debug|Any CPU
		{7CA2DD85-960C-4EA1-9571-E645C8AD8DD0}.Release|Any CPU.ActiveCfg = Release|Any CPU
		{7CA2DD85-960C-4EA1-9571-E645C8AD8DD0}.Release|Any CPU.Build.0 = Release|Any CPU
		{9D6F0C34-9F45-449B-B53A-FF8F69395B6B}.Debug|Any CPU.ActiveCfg = Debug|Any CPU
		{9D6F0C34-9F45-449B-B53A-FF8F69395B6B}.Debug|Any CPU.Build.0 = Debug|Any CPU
		{9D6F0C34-9F45-449B-B53A-FF8F69395B6B}.Release|Any CPU.ActiveCfg = Release|Any CPU
		{9D6F0C34-9F45-449B-B53A-FF8F69395B6B}.Release|Any CPU.Build.0 = Release|Any CPU
		{9437D055-25AF-4A75-9A57-CAA53676B646}.Debug|Any CPU.ActiveCfg = Debug|Any CPU
		{9437D055-25AF-4A75-9A57-CAA53676B646}.Debug|Any CPU.Build.0 = Debug|Any CPU
		{9437D055-25AF-4A75-9A57-CAA53676B646}.Release|Any CPU.ActiveCfg = Release|Any CPU
		{9437D055-25AF-4A75-9A57-CAA53676B646}.Release|Any CPU.Build.0 = Release|Any CPU
		{0AB27D9E-89B1-425A-BA18-EB08DA6A3017}.Debug|Any CPU.ActiveCfg = Debug|Any CPU
		{0AB27D9E-89B1-425A-BA18-EB08DA6A3017}.Debug|Any CPU.Build.0 = Debug|Any CPU
		{0AB27D9E-89B1-425A-BA18-EB08DA6A3017}.Release|Any CPU.ActiveCfg = Release|Any CPU
		{0AB27D9E-89B1-425A-BA18-EB08DA6A3017}.Release|Any CPU.Build.0 = Release|Any CPU
	EndGlobalSection
EndGlobal
